{
  "pins" : [
    {
      "identity" : "appinfolist",
      "kind" : "remoteSourceControl",
      "location" : "https://github.com/kamimi01/AppInfoList.git",
      "state" : {
        "branch" : "main",
        "revision" : "26aefc691871818bd07a4ed29005d5b4c784e883"
      }
    },
    {
      "identity" : "licenselist",
      "kind" : "remoteSourceControl",
      "location" : "https://github.com/cybozu/LicenseList.git",
      "state" : {
        "revision" : "98ed6ad04e0038acb710863d54d66147f2409ec3",
        "version" : "0.2.0"
      }
    },
    {
      "identity" : "lottie-ios",
      "kind" : "remoteSourceControl",
      "location" : "https://github.com/airbnb/lottie-ios",
      "state" : {
        "revision" : "440a6eebb8a8ae9c773e9a3e21021b72a74ffbb7",
        "version" : "4.1.2"
      }
    },
    {
      "identity" : "realm-core",
      "kind" : "remoteSourceControl",
      "location" : "https://github.com/realm/realm-core.git",
      "state" : {
        "revision" : "b77443ca7fa25407869ca537bf3ae912b1427bff",
        "version" : "12.13.0"
      }
    },
    {
      "identity" : "realm-swift",
      "kind" : "remoteSourceControl",
      "location" : "https://github.com/realm/realm-swift",
      "state" : {
        "revision" : "b1072f3ef733108dfcc62c2001781e5d65605fbf",
        "version" : "10.34.1"
      }
    }
  ],
  "version" : 2
}
